
Microsoft Visual Studio Solution File, Format Version 12.00
# Visual Studio Version 17
VisualStudioVersion = 17.0.31903.59
MinimumVisualStudioVersion = 10.0.40219.1
Project("{2150E333-8FDC-42A3-9474-1A3956D46DE8}") = "src", "src", "{19EAEB0A-76B1-480C-B2A7-6638C2566A8D}"
EndProject
Project("{FAE04EC0-301F-11D3-BF4B-00C04F79EFBC}") = "Nyri.Win10", "src\Nyri.Win10\Nyri.Win10.csproj", "{98FE5256-37DF-46C6-BF86-C59279EB76AB}"
EndProject
Global
	GlobalSection(SolutionConfigurationPlatforms) = preSolution
		Debug|Any CPU = Debug|Any CPU
		Release|Any CPU = Release|Any CPU
	EndGlobalSection
	GlobalSection(SolutionProperties) = preSolution
		HideSolutionNode = FALSE
	EndGlobalSection
	GlobalSection(ProjectConfigurationPlatforms) = postSolution
		{98FE5256-37DF-46C6-BF86-C59279EB76AB}.Debug|Any CPU.ActiveCfg = Debug|Any CPU
		{98FE5256-37DF-46C6-BF86-C59279EB76AB}.Debug|Any CPU.Build.0 = Debug|Any CPU
		{98FE5256-37DF-46C6-BF86-C59279EB76AB}.Release|Any CPU.ActiveCfg = Release|Any CPU
		{98FE5256-37DF-46C6-BF86-C59279EB76AB}.Release|Any CPU.Build.0 = Release|Any CPU
	EndGlobalSection
	GlobalSection(NestedProjects) = preSolution
		{98FE5256-37DF-46C6-BF86-C59279EB76AB} = {19EAEB0A-76B1-480C-B2A7-6638C2566A8D}
	EndGlobalSection
EndGlobal
